
Microsoft Visual Studio Solution File, Format Version 12.00
# Visual Studio 15
VisualStudioVersion = 15.0.28010.2036
MinimumVisualStudioVersion = 10.0.40219.1
Project("{FAE04EC0-301F-11D3-BF4B-00C04F79EFBC}") = "Grabzujuan", "Grabzujuan\Grabzujuan.csproj", "{5133F81C-F96C-4835-8B44-4BC95565E479}"
EndProject
Project("{FAE04EC0-301F-11D3-BF4B-00C04F79EFBC}") = "Question", "Question\Question.csproj", "{5F31D839-CF3F-407D-8619-4D035640AE6E}"
EndProject
Project("{FAE04EC0-301F-11D3-BF4B-00C04F79EFBC}") = "Common", "Common\Common.csproj", "{25E67706-292A-457E-85CD-434B9AE28C0E}"
EndProject
Project("{FAE04EC0-301F-11D3-BF4B-00C04F79EFBC}") = "QuestionGrabPublisher", "QuestionGrabPublisher\QuestionGrabPublisher.csproj", "{33515060-FA4F-4249-AA02-E90EEF14D575}"
EndProject
Project("{FAE04EC0-301F-11D3-BF4B-00C04F79EFBC}") = "QuestionGrabSubscribe", "QuestionGrabSubscribe\QuestionGrabSubscribe.csproj", "{6B821F85-ED51-40AA-8762-BE445CE612C8}"
EndProject
Project("{FAE04EC0-301F-11D3-BF4B-00C04F79EFBC}") = "GrabTree", "GrabTree\GrabTree.csproj", "{AA1EA240-148A-4E98-B96B-8B03EC3AF62E}"
EndProject
Project("{FAE04EC0-301F-11D3-BF4B-00C04F79EFBC}") = "QuestionGrabPublisher3", "QuestionGrabPublisher3\QuestionGrabPublisher3.csproj", "{2FE095C9-1A13-437B-A440-0D4D7FBF2837}"
EndProject
Project("{FAE04EC0-301F-11D3-BF4B-00C04F79EFBC}") = "DataSqlserver", "DataSqlserver\DataSqlserver.csproj", "{3A415AE8-C1C5-4DD3-8D36-70ECD3E7E3A0}"
EndProject
Project("{FAE04EC0-301F-11D3-BF4B-00C04F79EFBC}") = "CrawlerHttp", "CrawlerHttp\CrawlerHttp.csproj", "{2FB5C0CF-99E8-4C20-8899-E777F83AA3AE}"
EndProject
Project("{FAE04EC0-301F-11D3-BF4B-00C04F79EFBC}") = "KnowledgeTree", "KnowledgeTree\KnowledgeTree.csproj", "{A814FF9D-ABFD-4C38-9FD4-E1AC586EC0BD}"
EndProject
Project("{FAE04EC0-301F-11D3-BF4B-00C04F79EFBC}") = "OcrTest", "OcrTest\OcrTest.csproj", "{66DC1F2D-2778-4F32-9915-E4453D22B406}"
EndProject
Global
	GlobalSection(SolutionConfigurationPlatforms) = preSolution
		Debug|Any CPU = Debug|Any CPU
		Release|Any CPU = Release|Any CPU
	EndGlobalSection
	GlobalSection(ProjectConfigurationPlatforms) = postSolution
		{5133F81C-F96C-4835-8B44-4BC95565E479}.Debug|Any CPU.ActiveCfg = Debug|Any CPU
		{5133F81C-F96C-4835-8B44-4BC95565E479}.Debug|Any CPU.Build.0 = Debug|Any CPU
		{5133F81C-F96C-4835-8B44-4BC95565E479}.Release|Any CPU.ActiveCfg = Release|Any CPU
		{5133F81C-F96C-4835-8B44-4BC95565E479}.Release|Any CPU.Build.0 = Release|Any CPU
		{5F31D839-CF3F-407D-8619-4D035640AE6E}.Debug|Any CPU.ActiveCfg = Debug|Any CPU
		{5F31D839-CF3F-407D-8619-4D035640AE6E}.Debug|Any CPU.Build.0 = Debug|Any CPU
		{5F31D839-CF3F-407D-8619-4D035640AE6E}.Release|Any CPU.ActiveCfg = Release|Any CPU
		{5F31D839-CF3F-407D-8619-4D035640AE6E}.Release|Any CPU.Build.0 = Release|Any CPU
		{25E67706-292A-457E-85CD-434B9AE28C0E}.Debug|Any CPU.ActiveCfg = Debug|Any CPU
		{25E67706-292A-457E-85CD-434B9AE28C0E}.Debug|Any CPU.Build.0 = Debug|Any CPU
		{25E67706-292A-457E-85CD-434B9AE28C0E}.Release|Any CPU.ActiveCfg = Release|Any CPU
		{25E67706-292A-457E-85CD-434B9AE28C0E}.Release|Any CPU.Build.0 = Release|Any CPU
		{33515060-FA4F-4249-AA02-E90EEF14D575}.Debug|Any CPU.ActiveCfg = Debug|Any CPU
		{33515060-FA4F-4249-AA02-E90EEF14D575}.Debug|Any CPU.Build.0 = Debug|Any CPU
		{33515060-FA4F-4249-AA02-E90EEF14D575}.Release|Any CPU.ActiveCfg = Release|Any CPU
		{33515060-FA4F-4249-AA02-E90EEF14D575}.Release|Any CPU.Build.0 = Release|Any CPU
		{6B821F85-ED51-40AA-8762-BE445CE612C8}.Debug|Any CPU.ActiveCfg = Debug|Any CPU
		{6B821F85-ED51-40AA-8762-BE445CE612C8}.Debug|Any CPU.Build.0 = Debug|Any CPU
		{6B821F85-ED51-40AA-8762-BE445CE612C8}.Release|Any CPU.ActiveCfg = Release|Any CPU
		{6B821F85-ED51-40AA-8762-BE445CE612C8}.Release|Any CPU.Build.0 = Release|Any CPU
		{AA1EA240-148A-4E98-B96B-8B03EC3AF62E}.Debug|Any CPU.ActiveCfg = Debug|Any CPU
		{AA1EA240-148A-4E98-B96B-8B03EC3AF62E}.Debug|Any CPU.Build.0 = Debug|Any CPU
		{AA1EA240-148A-4E98-B96B-8B03EC3AF62E}.Release|Any CPU.ActiveCfg = Release|Any CPU
		{AA1EA240-148A-4E98-B96B-8B03EC3AF62E}.Release|Any CPU.Build.0 = Release|Any CPU
		{2FE095C9-1A13-437B-A440-0D4D7FBF2837}.Debug|Any CPU.ActiveCfg = Debug|Any CPU
		{2FE095C9-1A13-437B-A440-0D4D7FBF2837}.Debug|Any CPU.Build.0 = Debug|Any CPU
		{2FE095C9-1A13-437B-A440-0D4D7FBF2837}.Release|Any CPU.ActiveCfg = Release|Any CPU
		{2FE095C9-1A13-437B-A440-0D4D7FBF2837}.Release|Any CPU.Build.0 = Release|Any CPU
		{3A415AE8-C1C5-4DD3-8D36-70ECD3E7E3A0}.Debug|Any CPU.ActiveCfg = Debug|Any CPU
		{3A415AE8-C1C5-4DD3-8D36-70ECD3E7E3A0}.Debug|Any CPU.Build.0 = Debug|Any CPU
		{3A415AE8-C1C5-4DD3-8D36-70ECD3E7E3A0}.Release|Any CPU.ActiveCfg = Release|Any CPU
		{3A415AE8-C1C5-4DD3-8D36-70ECD3E7E3A0}.Release|Any CPU.Build.0 = Release|Any CPU
		{2FB5C0CF-99E8-4C20-8899-E777F83AA3AE}.Debug|Any CPU.ActiveCfg = Debug|Any CPU
		{2FB5C0CF-99E8-4C20-8899-E777F83AA3AE}.Debug|Any CPU.Build.0 = Debug|Any CPU
		{2FB5C0CF-99E8-4C20-8899-E777F83AA3AE}.Release|Any CPU.ActiveCfg = Release|Any CPU
		{2FB5C0CF-99E8-4C20-8899-E777F83AA3AE}.Release|Any CPU.Build.0 = Release|Any CPU
		{A814FF9D-ABFD-4C38-9FD4-E1AC586EC0BD}.Debug|Any CPU.ActiveCfg = Debug|Any CPU
		{A814FF9D-ABFD-4C38-9FD4-E1AC586EC0BD}.Debug|Any CPU.Build.0 = Debug|Any CPU
		{A814FF9D-ABFD-4C38-9FD4-E1AC586EC0BD}.Release|Any CPU.ActiveCfg = Release|Any CPU
		{A814FF9D-ABFD-4C38-9FD4-E1AC586EC0BD}.Release|Any CPU.Build.0 = Release|Any CPU
		{66DC1F2D-2778-4F32-9915-E4453D22B406}.Debug|Any CPU.ActiveCfg = Debug|Any CPU
		{66DC1F2D-2778-4F32-9915-E4453D22B406}.Debug|Any CPU.Build.0 = Debug|Any CPU
		{66DC1F2D-2778-4F32-9915-E4453D22B406}.Release|Any CPU.ActiveCfg = Release|Any CPU
		{66DC1F2D-2778-4F32-9915-E4453D22B406}.Release|Any CPU.Build.0 = Release|Any CPU
	EndGlobalSection
	GlobalSection(SolutionProperties) = preSolution
		HideSolutionNode = FALSE
	EndGlobalSection
	GlobalSection(ExtensibilityGlobals) = postSolution
		SolutionGuid = {54E8FFD8-09FA-4A74-9081-95D9A600ED75}
	EndGlobalSection
EndGlobal
