
Microsoft Visual Studio Solution File, Format Version 12.00
# Visual Studio 14
VisualStudioVersion = 14.0.25420.1
MinimumVisualStudioVersion = 10.0.40219.1
Project("{FAE04EC0-301F-11D3-BF4B-00C04F79EFBC}") = "AsyncProgram", "AsyncProgram\AsyncProgram.csproj", "{94E1073E-5A44-41F2-9181-9A612A2930F1}"
EndProject
Project("{FAE04EC0-301F-11D3-BF4B-00C04F79EFBC}") = "ConsoleApplication1", "ConsoleApplication1\ConsoleApplication1.csproj", "{2494550B-F0D1-4DF0-8D3B-221A5A8E7D76}"
EndProject
Project("{FAE04EC0-301F-11D3-BF4B-00C04F79EFBC}") = "WindowsFormsApplication1", "WindowsFormsApplication1\WindowsFormsApplication1.csproj", "{9A32BCF8-226B-41FD-99CE-456162F4A5D2}"
EndProject
Project("{FAE04EC0-301F-11D3-BF4B-00C04F79EFBC}") = "ConsoleApplication2", "ConsoleApplication2\ConsoleApplication2.csproj", "{991AA6C9-0B11-436F-B2A0-4C6955F4A791}"
EndProject
Project("{FAE04EC0-301F-11D3-BF4B-00C04F79EFBC}") = "ConsoleApplication3", "ConsoleApplication3\ConsoleApplication3.csproj", "{1F67FCA5-E20A-45DD-A085-55D2A6FF42DB}"
EndProject
Project("{FAE04EC0-301F-11D3-BF4B-00C04F79EFBC}") = "ConsoleApplication4", "ConsoleApplication4\ConsoleApplication4.csproj", "{DE770182-2567-42B0-AB5E-B7756211AE0B}"
EndProject
Project("{FAE04EC0-301F-11D3-BF4B-00C04F79EFBC}") = "ConsoleApplication5", "ConsoleApplication5\ConsoleApplication5.csproj", "{E50031A4-6A0A-4041-838B-57204251F83B}"
EndProject
Project("{FAE04EC0-301F-11D3-BF4B-00C04F79EFBC}") = "ConsoleApplication6", "ConsoleApplication6\ConsoleApplication6.csproj", "{4294F0E6-5D0B-4E8A-A5CF-876E1D8578B4}"
EndProject
Project("{FAE04EC0-301F-11D3-BF4B-00C04F79EFBC}") = "ConsoleApplication7", "ConsoleApplication7\ConsoleApplication7.csproj", "{EDB91C62-B0A8-4E53-A739-175230119A10}"
EndProject
Project("{FAE04EC0-301F-11D3-BF4B-00C04F79EFBC}") = "ConsoleApplication8", "ConsoleApplication8\ConsoleApplication8.csproj", "{592FE8F7-4712-40FC-B06F-ABDF8CF61DE4}"
EndProject
Global
	GlobalSection(SolutionConfigurationPlatforms) = preSolution
		Debug|Any CPU = Debug|Any CPU
		Release|Any CPU = Release|Any CPU
	EndGlobalSection
	GlobalSection(ProjectConfigurationPlatforms) = postSolution
		{94E1073E-5A44-41F2-9181-9A612A2930F1}.Debug|Any CPU.ActiveCfg = Debug|Any CPU
		{94E1073E-5A44-41F2-9181-9A612A2930F1}.Debug|Any CPU.Build.0 = Debug|Any CPU
		{94E1073E-5A44-41F2-9181-9A612A2930F1}.Release|Any CPU.ActiveCfg = Release|Any CPU
		{94E1073E-5A44-41F2-9181-9A612A2930F1}.Release|Any CPU.Build.0 = Release|Any CPU
		{2494550B-F0D1-4DF0-8D3B-221A5A8E7D76}.Debug|Any CPU.ActiveCfg = Debug|Any CPU
		{2494550B-F0D1-4DF0-8D3B-221A5A8E7D76}.Debug|Any CPU.Build.0 = Debug|Any CPU
		{2494550B-F0D1-4DF0-8D3B-221A5A8E7D76}.Release|Any CPU.ActiveCfg = Release|Any CPU
		{2494550B-F0D1-4DF0-8D3B-221A5A8E7D76}.Release|Any CPU.Build.0 = Release|Any CPU
		{9A32BCF8-226B-41FD-99CE-456162F4A5D2}.Debug|Any CPU.ActiveCfg = Debug|Any CPU
		{9A32BCF8-226B-41FD-99CE-456162F4A5D2}.Debug|Any CPU.Build.0 = Debug|Any CPU
		{9A32BCF8-226B-41FD-99CE-456162F4A5D2}.Release|Any CPU.ActiveCfg = Release|Any CPU
		{9A32BCF8-226B-41FD-99CE-456162F4A5D2}.Release|Any CPU.Build.0 = Release|Any CPU
		{991AA6C9-0B11-436F-B2A0-4C6955F4A791}.Debug|Any CPU.ActiveCfg = Debug|Any CPU
		{991AA6C9-0B11-436F-B2A0-4C6955F4A791}.Debug|Any CPU.Build.0 = Debug|Any CPU
		{991AA6C9-0B11-436F-B2A0-4C6955F4A791}.Release|Any CPU.ActiveCfg = Release|Any CPU
		{991AA6C9-0B11-436F-B2A0-4C6955F4A791}.Release|Any CPU.Build.0 = Release|Any CPU
		{1F67FCA5-E20A-45DD-A085-55D2A6FF42DB}.Debug|Any CPU.ActiveCfg = Debug|Any CPU
		{1F67FCA5-E20A-45DD-A085-55D2A6FF42DB}.Debug|Any CPU.Build.0 = Debug|Any CPU
		{1F67FCA5-E20A-45DD-A085-55D2A6FF42DB}.Release|Any CPU.ActiveCfg = Release|Any CPU
		{1F67FCA5-E20A-45DD-A085-55D2A6FF42DB}.Release|Any CPU.Build.0 = Release|Any CPU
		{DE770182-2567-42B0-AB5E-B7756211AE0B}.Debug|Any CPU.ActiveCfg = Debug|Any CPU
		{DE770182-2567-42B0-AB5E-B7756211AE0B}.Debug|Any CPU.Build.0 = Debug|Any CPU
		{DE770182-2567-42B0-AB5E-B7756211AE0B}.Release|Any CPU.ActiveCfg = Release|Any CPU
		{DE770182-2567-42B0-AB5E-B7756211AE0B}.Release|Any CPU.Build.0 = Release|Any CPU
		{E50031A4-6A0A-4041-838B-57204251F83B}.Debug|Any CPU.ActiveCfg = Debug|Any CPU
		{E50031A4-6A0A-4041-838B-57204251F83B}.Debug|Any CPU.Build.0 = Debug|Any CPU
		{E50031A4-6A0A-4041-838B-57204251F83B}.Release|Any CPU.ActiveCfg = Release|Any CPU
		{E50031A4-6A0A-4041-838B-57204251F83B}.Release|Any CPU.Build.0 = Release|Any CPU
		{4294F0E6-5D0B-4E8A-A5CF-876E1D8578B4}.Debug|Any CPU.ActiveCfg = Debug|Any CPU
		{4294F0E6-5D0B-4E8A-A5CF-876E1D8578B4}.Debug|Any CPU.Build.0 = Debug|Any CPU
		{4294F0E6-5D0B-4E8A-A5CF-876E1D8578B4}.Release|Any CPU.ActiveCfg = Release|Any CPU
		{4294F0E6-5D0B-4E8A-A5CF-876E1D8578B4}.Release|Any CPU.Build.0 = Release|Any CPU
		{EDB91C62-B0A8-4E53-A739-175230119A10}.Debug|Any CPU.ActiveCfg = Debug|Any CPU
		{EDB91C62-B0A8-4E53-A739-175230119A10}.Debug|Any CPU.Build.0 = Debug|Any CPU
		{EDB91C62-B0A8-4E53-A739-175230119A10}.Release|Any CPU.ActiveCfg = Release|Any CPU
		{EDB91C62-B0A8-4E53-A739-175230119A10}.Release|Any CPU.Build.0 = Release|Any CPU
		{592FE8F7-4712-40FC-B06F-ABDF8CF61DE4}.Debug|Any CPU.ActiveCfg = Debug|Any CPU
		{592FE8F7-4712-40FC-B06F-ABDF8CF61DE4}.Debug|Any CPU.Build.0 = Debug|Any CPU
		{592FE8F7-4712-40FC-B06F-ABDF8CF61DE4}.Release|Any CPU.ActiveCfg = Release|Any CPU
		{592FE8F7-4712-40FC-B06F-ABDF8CF61DE4}.Release|Any CPU.Build.0 = Release|Any CPU
	EndGlobalSection
	GlobalSection(SolutionProperties) = preSolution
		HideSolutionNode = FALSE
	EndGlobalSection
EndGlobal
