
Microsoft Visual Studio Solution File, Format Version 12.00
# Visual Studio 15
VisualStudioVersion = 15.0.28010.2036
MinimumVisualStudioVersion = 10.0.40219.1
Project("{FAE04EC0-301F-11D3-BF4B-00C04F79EFBC}") = "OCR", "OCR.csproj", "{8EB9EF17-A2B3-496B-A528-1254E62FE23E}"
EndProject
Global
	GlobalSection(SolutionConfigurationPlatforms) = preSolution
		Debug|Any CPU = Debug|Any CPU
		Release|Any CPU = Release|Any CPU
	EndGlobalSection
	GlobalSection(ProjectConfigurationPlatforms) = postSolution
		{8EB9EF17-A2B3-496B-A528-1254E62FE23E}.Debug|Any CPU.ActiveCfg = Debug|Any CPU
		{8EB9EF17-A2B3-496B-A528-1254E62FE23E}.Debug|Any CPU.Build.0 = Debug|Any CPU
		{8EB9EF17-A2B3-496B-A528-1254E62FE23E}.Release|Any CPU.ActiveCfg = Release|Any CPU
		{8EB9EF17-A2B3-496B-A528-1254E62FE23E}.Release|Any CPU.Build.0 = Release|Any CPU
	EndGlobalSection
	GlobalSection(SolutionProperties) = preSolution
		HideSolutionNode = FALSE
	EndGlobalSection
	GlobalSection(ExtensibilityGlobals) = postSolution
		SolutionGuid = {797A15A4-CD09-420E-886A-BD278E12D133}
	EndGlobalSection
EndGlobal
